
Microsoft Visual Studio Solution File, Format Version 12.00
# Visual Studio Version 17
VisualStudioVersion = 17.9.34714.143
MinimumVisualStudioVersion = 10.0.40219.1
Project("{FAE04EC0-301F-11D3-BF4B-00C04F79EFBC}") = "PCPDFengine", "PCPDFengine\PCPDFengine.csproj", "{BDAAAF6E-D1C0-4292-9AD7-A254950D5748}"
EndProject
Global
	GlobalSection(SolutionConfigurationPlatforms) = preSolution
		Debug|Any CPU = Debug|Any CPU
		Release|Any CPU = Release|Any CPU
	EndGlobalSection
	GlobalSection(ProjectConfigurationPlatforms) = postSolution
		{BDAAAF6E-D1C0-4292-9AD7-A254950D5748}.Debug|Any CPU.ActiveCfg = Debug|Any CPU
		{BDAAAF6E-D1C0-4292-9AD7-A254950D5748}.Debug|Any CPU.Build.0 = Debug|Any CPU
		{BDAAAF6E-D1C0-4292-9AD7-A254950D5748}.Release|Any CPU.ActiveCfg = Release|Any CPU
		{BDAAAF6E-D1C0-4292-9AD7-A254950D5748}.Release|Any CPU.Build.0 = Release|Any CPU
	EndGlobalSection
	GlobalSection(SolutionProperties) = preSolution
		HideSolutionNode = FALSE
	EndGlobalSection
	GlobalSection(ExtensibilityGlobals) = postSolution
		SolutionGuid = {8DCF5161-39A4-4D4B-B4E4-5CC7EF9C2884}
	EndGlobalSection
EndGlobal
