
Microsoft Visual Studio Solution File, Format Version 12.00
# Visual Studio Version 17
VisualStudioVersion = 17.9.34714.143
MinimumVisualStudioVersion = 10.0.40219.1
Project("{9A19103F-16F7-4668-BE54-9A1E7A4F7556}") = "PCPDFengineWPF", "PCPDFengine\PCPDFengineWPF.csproj", "{BDAAAF6E-D1C0-4292-9AD7-A254950D5748}"
EndProject
Project("{9A19103F-16F7-4668-BE54-9A1E7A4F7556}") = "PCPDFengineCLI", "CLI\PCPDFengineCLI.csproj", "{0543097B-E0E2-4F7A-93BF-AE55655287BA}"
EndProject
Project("{9A19103F-16F7-4668-BE54-9A1E7A4F7556}") = "PCPDFengineCore", "PCPDFengineCore\PCPDFengineCore.csproj", "{1CEEBAA7-0615-4F3A-83FD-DD5773059238}"
EndProject
Project("{FAE04EC0-301F-11D3-BF4B-00C04F79EFBC}") = "PCPDFengineCoreTests", "PCPDFengineCoreTests\PCPDFengineCoreTests.csproj", "{33CDEDAC-4948-4F9F-899A-F2B8BA1F9DAD}"
EndProject
Global
	GlobalSection(SolutionConfigurationPlatforms) = preSolution
		Debug|Any CPU = Debug|Any CPU
		Release|Any CPU = Release|Any CPU
	EndGlobalSection
	GlobalSection(ProjectConfigurationPlatforms) = postSolution
		{BDAAAF6E-D1C0-4292-9AD7-A254950D5748}.Debug|Any CPU.ActiveCfg = Debug|Any CPU
		{BDAAAF6E-D1C0-4292-9AD7-A254950D5748}.Debug|Any CPU.Build.0 = Debug|Any CPU
		{BDAAAF6E-D1C0-4292-9AD7-A254950D5748}.Release|Any CPU.ActiveCfg = Release|Any CPU
		{BDAAAF6E-D1C0-4292-9AD7-A254950D5748}.Release|Any CPU.Build.0 = Release|Any CPU
		{0543097B-E0E2-4F7A-93BF-AE55655287BA}.Debug|Any CPU.ActiveCfg = Debug|Any CPU
		{0543097B-E0E2-4F7A-93BF-AE55655287BA}.Debug|Any CPU.Build.0 = Debug|Any CPU
		{0543097B-E0E2-4F7A-93BF-AE55655287BA}.Release|Any CPU.ActiveCfg = Release|Any CPU
		{0543097B-E0E2-4F7A-93BF-AE55655287BA}.Release|Any CPU.Build.0 = Release|Any CPU
		{1CEEBAA7-0615-4F3A-83FD-DD5773059238}.Debug|Any CPU.ActiveCfg = Debug|Any CPU
		{1CEEBAA7-0615-4F3A-83FD-DD5773059238}.Debug|Any CPU.Build.0 = Debug|Any CPU
		{1CEEBAA7-0615-4F3A-83FD-DD5773059238}.Release|Any CPU.ActiveCfg = Release|Any CPU
		{1CEEBAA7-0615-4F3A-83FD-DD5773059238}.Release|Any CPU.Build.0 = Release|Any CPU
		{33CDEDAC-4948-4F9F-899A-F2B8BA1F9DAD}.Debug|Any CPU.ActiveCfg = Debug|Any CPU
		{33CDEDAC-4948-4F9F-899A-F2B8BA1F9DAD}.Debug|Any CPU.Build.0 = Debug|Any CPU
		{33CDEDAC-4948-4F9F-899A-F2B8BA1F9DAD}.Release|Any CPU.ActiveCfg = Release|Any CPU
		{33CDEDAC-4948-4F9F-899A-F2B8BA1F9DAD}.Release|Any CPU.Build.0 = Release|Any CPU
	EndGlobalSection
	GlobalSection(SolutionProperties) = preSolution
		HideSolutionNode = FALSE
	EndGlobalSection
	GlobalSection(ExtensibilityGlobals) = postSolution
		SolutionGuid = {8DCF5161-39A4-4D4B-B4E4-5CC7EF9C2884}
	EndGlobalSection
EndGlobal
